
Microsoft Visual Studio Solution File, Format Version 12.00
# Visual Studio Version 17
VisualStudioVersion = 17.5.002.0
MinimumVisualStudioVersion = 10.0.40219.1
Project("{9A19103F-16F7-4668-BE54-9A1E7A4F7556}") = "SportStore.Tests", "SportStore.Tests.csproj", "{9DFF61B1-DE77-45DB-B02D-B6599EC0AB9F}"
EndProject
Global
	GlobalSection(SolutionConfigurationPlatforms) = preSolution
		Debug|Any CPU = Debug|Any CPU
		Release|Any CPU = Release|Any CPU
	EndGlobalSection
	GlobalSection(ProjectConfigurationPlatforms) = postSolution
		{9DFF61B1-DE77-45DB-B02D-B6599EC0AB9F}.Debug|Any CPU.ActiveCfg = Debug|Any CPU
		{9DFF61B1-DE77-45DB-B02D-B6599EC0AB9F}.Debug|Any CPU.Build.0 = Debug|Any CPU
		{9DFF61B1-DE77-45DB-B02D-B6599EC0AB9F}.Release|Any CPU.ActiveCfg = Release|Any CPU
		{9DFF61B1-DE77-45DB-B02D-B6599EC0AB9F}.Release|Any CPU.Build.0 = Release|Any CPU
	EndGlobalSection
	GlobalSection(SolutionProperties) = preSolution
		HideSolutionNode = FALSE
	EndGlobalSection
	GlobalSection(ExtensibilityGlobals) = postSolution
		SolutionGuid = {30CEB616-60E7-4F8C-930B-CAC1B4DC4AD6}
	EndGlobalSection
EndGlobal
